{
  "version": 4,
  "terraform_version": "1.1.7",
  "serial": 17,
  "lineage": "c1fee775-b3d5-ea3f-b90d-ae7895bcba00",
  "outputs": {
    "App_server_public_ip": {
      "value": "129.146.71.102",
      "type": "string"
    }
  },
  "resources": [
    {
      "mode": "data",
      "type": "oci_core_images",
      "name": "autonomous_images",
      "provider": "provider[\"registry.terraform.io/hashicorp/oci\"]",
      "instances": [
        {
          "schema_version": 0,
          "attributes": {
            "compartment_id": "ocid1.compartment.oc1..aaaaaaaaihp7plm6wlvjfqhzqamni5mwd2pugatlwujfqecudsxwjumaunva",
            "display_name": null,
            "filter": null,
            "id": "CoreImagesDataSource-2015960845",
            "images": [],
            "operating_system": "Oracle Autonomous Linux",
            "operating_system_version": "7.9",
            "shape": "VM.Standard.A1.Flex",
            "sort_by": "TIMECREATED",
            "sort_order": "DESC",
            "state": null
          },
          "sensitive_attributes": []
        }
      ]
    },
    {
      "mode": "managed",
      "type": "oci_core_instance",
      "name": "app_server",
      "provider": "provider[\"registry.terraform.io/hashicorp/oci\"]",
      "instances": [
        {
          "schema_version": 0,
          "attributes": {
            "agent_config": [
              {
                "are_all_plugins_disabled": false,
                "is_management_disabled": false,
                "is_monitoring_disabled": false,
                "plugins_config": [
                  {
                    "desired_state": "DISABLED",
                    "name": "Vulnerability Scanning"
                  },
                  {
                    "desired_state": "DISABLED",
                    "name": "Oracle Java Management Service"
                  },
                  {
                    "desired_state": "ENABLED",
                    "name": "OS Management Service Agent"
                  },
                  {
                    "desired_state": "ENABLED",
                    "name": "Compute Instance Run Command"
                  },
                  {
                    "desired_state": "ENABLED",
                    "name": "Compute Instance Monitoring"
                  },
                  {
                    "desired_state": "DISABLED",
                    "name": "Block Volume Management"
                  },
                  {
                    "desired_state": "DISABLED",
                    "name": "Bastion"
                  }
                ]
              }
            ],
            "async": null,
            "availability_config": [
              {
                "is_live_migration_preferred": false,
                "recovery_action": "RESTORE_INSTANCE"
              }
            ],
            "availability_domain": "GqIF:PHX-AD-1",
            "boot_volume_id": "ocid1.bootvolume.oc1.phx.abyhqljrg7msrfvh7rxqbgqell4cbcanwktjrd5ic4tid3zdd275jjqrlsla",
            "capacity_reservation_id": null,
            "compartment_id": "ocid1.compartment.oc1..aaaaaaaaihp7plm6wlvjfqhzqamni5mwd2pugatlwujfqecudsxwjumaunva",
            "create_vnic_details": [
              {
                "assign_private_dns_record": false,
                "assign_public_ip": "true",
                "defined_tags": {
                  "Oracle-Tags.CreatedBy": "oracleidentitycloudservice/kareem.adamu.mahe@oracle.com",
                  "Oracle-Tags.CreatedOn": "2022-04-13T23:58:21.241Z"
                },
                "display_name": "git-app-server-vnic",
                "freeform_tags": {},
                "hostname_label": "app-server",
                "nsg_ids": [],
                "private_ip": "10.0.0.72",
                "skip_source_dest_check": false,
                "subnet_id": "ocid1.subnet.oc1.phx.aaaaaaaa7nj76vxksn3unf36jc5rnqjdecf3xctfd3l5xxo47ksm2eikex4a",
                "vlan_id": ""
              }
            ],
            "dedicated_vm_host_id": null,
            "defined_tags": {
              "Oracle-Tags.CreatedBy": "oracleidentitycloudservice/kareem.adamu.mahe@oracle.com",
              "Oracle-Tags.CreatedOn": "2022-04-13T23:58:21.005Z"
            },
            "display_name": "git-app-server",
            "extended_metadata": {},
            "fault_domain": "FAULT-DOMAIN-1",
            "freeform_tags": {},
            "hostname_label": "app-server",
            "id": "ocid1.instance.oc1.phx.anyhqljrwe6j4fqcvnijciijfvzxvjqbh6rp2zb3npifuhuwhh3ovyyjg7ia",
            "image": "ocid1.image.oc1.phx.aaaaaaaa2szgivkdhq3vshh2xg4orjqrtjcrbzkaacvhxsnswnwjvnlj2ulq",
            "instance_options": [
              {
                "are_legacy_imds_endpoints_disabled": false
              }
            ],
            "ipxe_script": null,
            "is_pv_encryption_in_transit_enabled": null,
            "launch_mode": "PARAVIRTUALIZED",
            "launch_options": [
              {
                "boot_volume_type": "PARAVIRTUALIZED",
                "firmware": "UEFI_64",
                "is_consistent_volume_naming_enabled": true,
                "is_pv_encryption_in_transit_enabled": true,
                "network_type": "PARAVIRTUALIZED",
                "remote_data_volume_type": "PARAVIRTUALIZED"
              }
            ],
            "metadata": {
              "ssh_authorized_keys": "ssh-rsa AAAAB3NzaC1yc2EAAAADAQABAAABgQDMG4eesJ4mZ15CcxwEAhvh1BRt/Hcs5kW36qSAUa0ob3IpJyX3UelbhTfop4jVOQ67w/CCY3yw243hRJ3c5/VH1DXLCbpq772TI1QKJZPCIog3XpP4m2TmDTLa/f+uk+MZKWmkJ+kR/PzxC6YRDOkxHhbTki/jEQn5dp4FTr4TkmdNUqZoaqTdMm4k98u0ybsBQ50ge6UAzw6GWwQhpxsIbFd0JPBAzWIGYy3UVHFgn1tTVbtyd5FCUgcBbms7vBncng6H2N1i/frac+gptwTavI1lIrIDx1qNQ1nCnsQ0PqmkHgTFMMgJfRVOZXj4vK0DBHMO+JWT4mZzhkplaslhEGaZPGhMZ2omg79rxWggpPyj2yDENPe/tBp2L+3rvFlvEXv0FahjKqRXY6RN227p5uKLX4ojbnx67fBCVU0MS8r8JGJO6k7aiuAQVvcRp8VMVJUWbYYEVChNVT1iuf1DBrqrabqlgCSc0qe17jdyf02NNWmmfMP9QQGT3sczaa0= kadamuma@kadamuma-mac\n"
            },
            "platform_config": [],
            "preemptible_instance_config": [],
            "preserve_boot_volume": null,
            "private_ip": "10.0.0.72",
            "public_ip": "129.146.71.102",
            "region": "phx",
            "shape": "VM.Standard.A1.Flex",
            "shape_config": [
              {
                "baseline_ocpu_utilization": "",
                "gpu_description": "",
                "gpus": 0,
                "local_disk_description": "",
                "local_disks": 0,
                "local_disks_total_size_in_gbs": 0,
                "max_vnic_attachments": 2,
                "memory_in_gbs": 6,
                "networking_bandwidth_in_gbps": 1,
                "ocpus": 1,
                "processor_description": "3.0 GHz Ampere® Altra™"
              }
            ],
            "source_details": [
              {
                "boot_volume_size_in_gbs": "47",
                "kms_key_id": "",
                "source_id": "ocid1.image.oc1.phx.aaaaaaaa2szgivkdhq3vshh2xg4orjqrtjcrbzkaacvhxsnswnwjvnlj2ulq",
                "source_type": "image"
              }
            ],
            "state": "RUNNING",
            "subnet_id": "ocid1.subnet.oc1.phx.aaaaaaaa7nj76vxksn3unf36jc5rnqjdecf3xctfd3l5xxo47ksm2eikex4a",
            "system_tags": {},
            "time_created": "2022-04-13 23:58:21.838 +0000 UTC",
            "time_maintenance_reboot_due": "",
            "timeouts": null
          },
          "sensitive_attributes": [],
          "private": "eyJlMmJmYjczMC1lY2FhLTExZTYtOGY4OC0zNDM2M2JjN2M0YzAiOnsiY3JlYXRlIjoyNzAwMDAwMDAwMDAwLCJkZWxldGUiOjQ1MDAwMDAwMDAwMDAsInVwZGF0ZSI6MjcwMDAwMDAwMDAwMH19",
          "dependencies": [
            "oci_core_internet_gateway.internet_gateway",
            "oci_core_route_table.default_route_table",
            "oci_core_security_list.Default_security_list",
            "oci_core_subnet.public_subnet",
            "oci_core_vcn.server_vcn"
          ]
        }
      ]
    },
    {
      "mode": "managed",
      "type": "oci_core_internet_gateway",
      "name": "internet_gateway",
      "provider": "provider[\"registry.terraform.io/hashicorp/oci\"]",
      "instances": [
        {
          "schema_version": 0,
          "attributes": {
            "compartment_id": "ocid1.compartment.oc1..aaaaaaaaihp7plm6wlvjfqhzqamni5mwd2pugatlwujfqecudsxwjumaunva",
            "defined_tags": {
              "Oracle-Tags.CreatedBy": "oracleidentitycloudservice/kareem.adamu.mahe@oracle.com",
              "Oracle-Tags.CreatedOn": "2022-04-13T23:54:44.472Z"
            },
            "display_name": "git-internet-gateway",
            "enabled": true,
            "freeform_tags": {},
            "id": "ocid1.internetgateway.oc1.phx.aaaaaaaaqyukyhji3fuawu2ufttt7we7tze5jooodnu3cdngnbrp6obe4nna",
            "state": "AVAILABLE",
            "time_created": "2022-04-13 23:54:44.522 +0000 UTC",
            "timeouts": null,
            "vcn_id": "ocid1.vcn.oc1.phx.amaaaaaawe6j4fqamiauufyacmexmbh6tutk6l7nk46iog5xbhgwwcjns25q"
          },
          "sensitive_attributes": [],
          "private": "eyJlMmJmYjczMC1lY2FhLTExZTYtOGY4OC0zNDM2M2JjN2M0YzAiOnsiY3JlYXRlIjoxMjAwMDAwMDAwMDAwLCJkZWxldGUiOjEyMDAwMDAwMDAwMDAsInVwZGF0ZSI6MTIwMDAwMDAwMDAwMH19",
          "dependencies": [
            "oci_core_vcn.server_vcn"
          ]
        }
      ]
    },
    {
      "mode": "managed",
      "type": "oci_core_nat_gateway",
      "name": "nat_gateway",
      "provider": "provider[\"registry.terraform.io/hashicorp/oci\"]",
      "instances": [
        {
          "schema_version": 0,
          "attributes": {
            "block_traffic": false,
            "compartment_id": "ocid1.compartment.oc1..aaaaaaaaihp7plm6wlvjfqhzqamni5mwd2pugatlwujfqecudsxwjumaunva",
            "defined_tags": {
              "Oracle-Tags.CreatedBy": "oracleidentitycloudservice/kareem.adamu.mahe@oracle.com",
              "Oracle-Tags.CreatedOn": "2022-04-13T23:54:44.570Z"
            },
            "display_name": "git-nat-gateway",
            "freeform_tags": {},
            "id": "ocid1.natgateway.oc1.phx.aaaaaaaaru23nxnj6a3vzgm5tx5wgnmjec73a5ddcq2qgot4wwfm5vxe5fdq",
            "nat_ip": "129.146.192.204",
            "public_ip_id": "ocid1.publicip.oc1.phx.aaaaaaaa54bmipsniequl6gib4p3n6tug2vskm5hoooxbu3fgt7tinxic5wa",
            "state": "AVAILABLE",
            "time_created": "2022-04-13 23:54:44.965 +0000 UTC",
            "timeouts": null,
            "vcn_id": "ocid1.vcn.oc1.phx.amaaaaaawe6j4fqamiauufyacmexmbh6tutk6l7nk46iog5xbhgwwcjns25q"
          },
          "sensitive_attributes": [],
          "private": "eyJlMmJmYjczMC1lY2FhLTExZTYtOGY4OC0zNDM2M2JjN2M0YzAiOnsiY3JlYXRlIjoxMjAwMDAwMDAwMDAwLCJkZWxldGUiOjEyMDAwMDAwMDAwMDAsInVwZGF0ZSI6MTIwMDAwMDAwMDAwMH19",
          "dependencies": [
            "oci_core_vcn.server_vcn"
          ]
        }
      ]
    },
    {
      "mode": "managed",
      "type": "oci_core_route_table",
      "name": "default_route_table",
      "provider": "provider[\"registry.terraform.io/hashicorp/oci\"]",
      "instances": [
        {
          "schema_version": 0,
          "attributes": {
            "compartment_id": "ocid1.compartment.oc1..aaaaaaaaihp7plm6wlvjfqhzqamni5mwd2pugatlwujfqecudsxwjumaunva",
            "defined_tags": {
              "Oracle-Tags.CreatedBy": "oracleidentitycloudservice/kareem.adamu.mahe@oracle.com",
              "Oracle-Tags.CreatedOn": "2022-04-13T23:54:45.142Z"
            },
            "display_name": "git-internet-route",
            "freeform_tags": {},
            "id": "ocid1.routetable.oc1.phx.aaaaaaaaqwspdkf4rj2sfz2jgdygeals6tac7qfaqbsj4x737nhihhvrg6oq",
            "route_rules": [
              {
                "cidr_block": "",
                "description": "Terraformed - Auto-generated at Internet Gateway creation: Internet Gateway as default gateway",
                "destination": "0.0.0.0/0",
                "destination_type": "CIDR_BLOCK",
                "network_entity_id": "ocid1.internetgateway.oc1.phx.aaaaaaaaqyukyhji3fuawu2ufttt7we7tze5jooodnu3cdngnbrp6obe4nna"
              }
            ],
            "state": "AVAILABLE",
            "time_created": "2022-04-13 23:54:45.178 +0000 UTC",
            "timeouts": null,
            "vcn_id": "ocid1.vcn.oc1.phx.amaaaaaawe6j4fqamiauufyacmexmbh6tutk6l7nk46iog5xbhgwwcjns25q"
          },
          "sensitive_attributes": [],
          "private": "eyJlMmJmYjczMC1lY2FhLTExZTYtOGY4OC0zNDM2M2JjN2M0YzAiOnsiY3JlYXRlIjoxMjAwMDAwMDAwMDAwLCJkZWxldGUiOjEyMDAwMDAwMDAwMDAsInVwZGF0ZSI6MTIwMDAwMDAwMDAwMH19",
          "dependencies": [
            "oci_core_internet_gateway.internet_gateway",
            "oci_core_vcn.server_vcn"
          ]
        }
      ]
    },
    {
      "mode": "managed",
      "type": "oci_core_route_table",
      "name": "nat_route_table",
      "provider": "provider[\"registry.terraform.io/hashicorp/oci\"]",
      "instances": [
        {
          "schema_version": 0,
          "attributes": {
            "compartment_id": "ocid1.compartment.oc1..aaaaaaaaihp7plm6wlvjfqhzqamni5mwd2pugatlwujfqecudsxwjumaunva",
            "defined_tags": {
              "Oracle-Tags.CreatedBy": "oracleidentitycloudservice/kareem.adamu.mahe@oracle.com",
              "Oracle-Tags.CreatedOn": "2022-04-13T23:54:46.989Z"
            },
            "display_name": "git-nat-route",
            "freeform_tags": {},
            "id": "ocid1.routetable.oc1.phx.aaaaaaaas7otzbtmc3w7rfbyp6bmbhf62hpfusieffu6toil555h5275ep6a",
            "route_rules": [
              {
                "cidr_block": "",
                "description": "Terraformed - Auto-generated at Internet Gateway creation: Internet Gateway as default gateway",
                "destination": "0.0.0.0/0",
                "destination_type": "CIDR_BLOCK",
                "network_entity_id": "ocid1.natgateway.oc1.phx.aaaaaaaaru23nxnj6a3vzgm5tx5wgnmjec73a5ddcq2qgot4wwfm5vxe5fdq"
              }
            ],
            "state": "AVAILABLE",
            "time_created": "2022-04-13 23:54:47.052 +0000 UTC",
            "timeouts": null,
            "vcn_id": "ocid1.vcn.oc1.phx.amaaaaaawe6j4fqamiauufyacmexmbh6tutk6l7nk46iog5xbhgwwcjns25q"
          },
          "sensitive_attributes": [],
          "private": "eyJlMmJmYjczMC1lY2FhLTExZTYtOGY4OC0zNDM2M2JjN2M0YzAiOnsiY3JlYXRlIjoxMjAwMDAwMDAwMDAwLCJkZWxldGUiOjEyMDAwMDAwMDAwMDAsInVwZGF0ZSI6MTIwMDAwMDAwMDAwMH19",
          "dependencies": [
            "oci_core_nat_gateway.nat_gateway",
            "oci_core_vcn.server_vcn"
          ]
        }
      ]
    },
    {
      "mode": "managed",
      "type": "oci_core_security_list",
      "name": "Default_security_list",
      "provider": "provider[\"registry.terraform.io/hashicorp/oci\"]",
      "instances": [
        {
          "schema_version": 0,
          "attributes": {
            "compartment_id": "ocid1.compartment.oc1..aaaaaaaaihp7plm6wlvjfqhzqamni5mwd2pugatlwujfqecudsxwjumaunva",
            "defined_tags": {
              "Oracle-Tags.CreatedBy": "oracleidentitycloudservice/kareem.adamu.mahe@oracle.com",
              "Oracle-Tags.CreatedOn": "2022-04-13T23:54:44.612Z"
            },
            "display_name": "git-default-seclist",
            "egress_security_rules": [
              {
                "description": "",
                "destination": "0.0.0.0/0",
                "destination_type": "CIDR_BLOCK",
                "icmp_options": [],
                "protocol": "all",
                "stateless": false,
                "tcp_options": [],
                "udp_options": []
              }
            ],
            "freeform_tags": {},
            "id": "ocid1.securitylist.oc1.phx.aaaaaaaaljam7cs73u23ew6b4fwkpgjyrigqhasxb3cnhhagy5beudg6iyda",
            "ingress_security_rules": [
              {
                "description": "",
                "icmp_options": [
                  {
                    "code": -1,
                    "type": 3
                  }
                ],
                "protocol": "1",
                "source": "10.0.0.0/16",
                "source_type": "CIDR_BLOCK",
                "stateless": false,
                "tcp_options": [],
                "udp_options": []
              },
              {
                "description": "",
                "icmp_options": [
                  {
                    "code": 4,
                    "type": 3
                  }
                ],
                "protocol": "1",
                "source": "0.0.0.0/0",
                "source_type": "CIDR_BLOCK",
                "stateless": false,
                "tcp_options": [],
                "udp_options": []
              },
              {
                "description": "",
                "icmp_options": [],
                "protocol": "6",
                "source": "0.0.0.0/0",
                "source_type": "CIDR_BLOCK",
                "stateless": false,
                "tcp_options": [
                  {
                    "max": 22,
                    "min": 22,
                    "source_port_range": []
                  }
                ],
                "udp_options": []
              }
            ],
            "state": "AVAILABLE",
            "time_created": "2022-04-13 23:54:44.678 +0000 UTC",
            "timeouts": null,
            "vcn_id": "ocid1.vcn.oc1.phx.amaaaaaawe6j4fqamiauufyacmexmbh6tutk6l7nk46iog5xbhgwwcjns25q"
          },
          "sensitive_attributes": [],
          "private": "eyJlMmJmYjczMC1lY2FhLTExZTYtOGY4OC0zNDM2M2JjN2M0YzAiOnsiY3JlYXRlIjoxMjAwMDAwMDAwMDAwLCJkZWxldGUiOjEyMDAwMDAwMDAwMDAsInVwZGF0ZSI6MTIwMDAwMDAwMDAwMH19",
          "dependencies": [
            "oci_core_vcn.server_vcn"
          ]
        }
      ]
    },
    {
      "mode": "managed",
      "type": "oci_core_security_list",
      "name": "Private-Subnet_security_list",
      "provider": "provider[\"registry.terraform.io/hashicorp/oci\"]",
      "instances": [
        {
          "schema_version": 0,
          "attributes": {
            "compartment_id": "ocid1.compartment.oc1..aaaaaaaaihp7plm6wlvjfqhzqamni5mwd2pugatlwujfqecudsxwjumaunva",
            "defined_tags": {
              "Oracle-Tags.CreatedBy": "oracleidentitycloudservice/kareem.adamu.mahe@oracle.com",
              "Oracle-Tags.CreatedOn": "2022-04-13T23:54:44.688Z"
            },
            "display_name": "securitylist20220413235444",
            "egress_security_rules": [],
            "freeform_tags": {},
            "id": "ocid1.securitylist.oc1.phx.aaaaaaaafwpctdchka5jpzhjvmw2va6rvxhpagpyyjnz4pmc2cws4lzwmjoa",
            "ingress_security_rules": [],
            "state": "AVAILABLE",
            "time_created": "2022-04-13 23:54:44.716 +0000 UTC",
            "timeouts": null,
            "vcn_id": "ocid1.vcn.oc1.phx.amaaaaaawe6j4fqamiauufyacmexmbh6tutk6l7nk46iog5xbhgwwcjns25q"
          },
          "sensitive_attributes": [],
          "private": "eyJlMmJmYjczMC1lY2FhLTExZTYtOGY4OC0zNDM2M2JjN2M0YzAiOnsiY3JlYXRlIjoxMjAwMDAwMDAwMDAwLCJkZWxldGUiOjEyMDAwMDAwMDAwMDAsInVwZGF0ZSI6MTIwMDAwMDAwMDAwMH19",
          "dependencies": [
            "oci_core_vcn.server_vcn"
          ]
        }
      ]
    },
    {
      "mode": "managed",
      "type": "oci_core_subnet",
      "name": "private_subnet",
      "provider": "provider[\"registry.terraform.io/hashicorp/oci\"]",
      "instances": [
        {
          "schema_version": 0,
          "attributes": {
            "availability_domain": null,
            "cidr_block": "10.0.1.0/24",
            "compartment_id": "ocid1.compartment.oc1..aaaaaaaaihp7plm6wlvjfqhzqamni5mwd2pugatlwujfqecudsxwjumaunva",
            "defined_tags": {
              "Oracle-Tags.CreatedBy": "oracleidentitycloudservice/kareem.adamu.mahe@oracle.com",
              "Oracle-Tags.CreatedOn": "2022-04-13T23:54:45.253Z"
            },
            "dhcp_options_id": "ocid1.dhcpoptions.oc1.phx.aaaaaaaaowloqvrsue7j7r7gvef6advx4hkram3mazbbrr2lhp25tp4usbha",
            "display_name": "git-privsub",
            "dns_label": "privsub",
            "freeform_tags": {},
            "id": "ocid1.subnet.oc1.phx.aaaaaaaa7drfq374zutalxdzeionzycu7rhe4bj4b4pbaehprr2okzncw63a",
            "ipv6cidr_block": null,
            "ipv6virtual_router_ip": null,
            "prohibit_internet_ingress": true,
            "prohibit_public_ip_on_vnic": true,
            "route_table_id": "ocid1.routetable.oc1.phx.aaaaaaaa7l52wwipeyw266p4k2pxxscogmvqo2x6bi6orxdoolqfymhfhtba",
            "security_list_ids": [
              "ocid1.securitylist.oc1.phx.aaaaaaaafwpctdchka5jpzhjvmw2va6rvxhpagpyyjnz4pmc2cws4lzwmjoa"
            ],
            "state": "AVAILABLE",
            "subnet_domain_name": "privsub.gitvcn.oraclevcn.com",
            "time_created": "2022-04-13 23:54:45.439 +0000 UTC",
            "timeouts": null,
            "vcn_id": "ocid1.vcn.oc1.phx.amaaaaaawe6j4fqamiauufyacmexmbh6tutk6l7nk46iog5xbhgwwcjns25q",
            "virtual_router_ip": "10.0.1.1",
            "virtual_router_mac": "00:00:17:F2:C3:B0"
          },
          "sensitive_attributes": [],
          "private": "eyJlMmJmYjczMC1lY2FhLTExZTYtOGY4OC0zNDM2M2JjN2M0YzAiOnsiY3JlYXRlIjoxMjAwMDAwMDAwMDAwLCJkZWxldGUiOjEyMDAwMDAwMDAwMDAsInVwZGF0ZSI6MTIwMDAwMDAwMDAwMH19",
          "dependencies": [
            "oci_core_security_list.Private-Subnet_security_list",
            "oci_core_vcn.server_vcn"
          ]
        }
      ]
    },
    {
      "mode": "managed",
      "type": "oci_core_subnet",
      "name": "public_subnet",
      "provider": "provider[\"registry.terraform.io/hashicorp/oci\"]",
      "instances": [
        {
          "schema_version": 0,
          "attributes": {
            "availability_domain": null,
            "cidr_block": "10.0.0.0/24",
            "compartment_id": "ocid1.compartment.oc1..aaaaaaaaihp7plm6wlvjfqhzqamni5mwd2pugatlwujfqecudsxwjumaunva",
            "defined_tags": {
              "Oracle-Tags.CreatedBy": "oracleidentitycloudservice/kareem.adamu.mahe@oracle.com",
              "Oracle-Tags.CreatedOn": "2022-04-13T23:54:46.221Z"
            },
            "dhcp_options_id": "ocid1.dhcpoptions.oc1.phx.aaaaaaaaowloqvrsue7j7r7gvef6advx4hkram3mazbbrr2lhp25tp4usbha",
            "display_name": "git-pubsub",
            "dns_label": "pubsub",
            "freeform_tags": {},
            "id": "ocid1.subnet.oc1.phx.aaaaaaaa7nj76vxksn3unf36jc5rnqjdecf3xctfd3l5xxo47ksm2eikex4a",
            "ipv6cidr_block": null,
            "ipv6virtual_router_ip": null,
            "prohibit_internet_ingress": false,
            "prohibit_public_ip_on_vnic": false,
            "route_table_id": "ocid1.routetable.oc1.phx.aaaaaaaaqwspdkf4rj2sfz2jgdygeals6tac7qfaqbsj4x737nhihhvrg6oq",
            "security_list_ids": [
              "ocid1.securitylist.oc1.phx.aaaaaaaaljam7cs73u23ew6b4fwkpgjyrigqhasxb3cnhhagy5beudg6iyda"
            ],
            "state": "AVAILABLE",
            "subnet_domain_name": "pubsub.gitvcn.oraclevcn.com",
            "time_created": "2022-04-13 23:54:46.319 +0000 UTC",
            "timeouts": null,
            "vcn_id": "ocid1.vcn.oc1.phx.amaaaaaawe6j4fqamiauufyacmexmbh6tutk6l7nk46iog5xbhgwwcjns25q",
            "virtual_router_ip": "10.0.0.1",
            "virtual_router_mac": "00:00:17:F2:C3:B0"
          },
          "sensitive_attributes": [],
          "private": "eyJlMmJmYjczMC1lY2FhLTExZTYtOGY4OC0zNDM2M2JjN2M0YzAiOnsiY3JlYXRlIjoxMjAwMDAwMDAwMDAwLCJkZWxldGUiOjEyMDAwMDAwMDAwMDAsInVwZGF0ZSI6MTIwMDAwMDAwMDAwMH19",
          "dependencies": [
            "oci_core_internet_gateway.internet_gateway",
            "oci_core_route_table.default_route_table",
            "oci_core_security_list.Default_security_list",
            "oci_core_vcn.server_vcn"
          ]
        }
      ]
    },
    {
      "mode": "managed",
      "type": "oci_core_vcn",
      "name": "server_vcn",
      "provider": "provider[\"registry.terraform.io/hashicorp/oci\"]",
      "instances": [
        {
          "schema_version": 0,
          "attributes": {
            "cidr_block": "10.0.0.0/16",
            "cidr_blocks": [
              "10.0.0.0/16"
            ],
            "compartment_id": "ocid1.compartment.oc1..aaaaaaaaihp7plm6wlvjfqhzqamni5mwd2pugatlwujfqecudsxwjumaunva",
            "default_dhcp_options_id": "ocid1.dhcpoptions.oc1.phx.aaaaaaaaowloqvrsue7j7r7gvef6advx4hkram3mazbbrr2lhp25tp4usbha",
            "default_route_table_id": "ocid1.routetable.oc1.phx.aaaaaaaa7l52wwipeyw266p4k2pxxscogmvqo2x6bi6orxdoolqfymhfhtba",
            "default_security_list_id": "ocid1.securitylist.oc1.phx.aaaaaaaacancfx7ncnpsptzfov7tvnnuqznmzlotpy6cgn6i7q5cltq5mkqq",
            "defined_tags": {
              "Oracle-Tags.CreatedBy": "oracleidentitycloudservice/kareem.adamu.mahe@oracle.com",
              "Oracle-Tags.CreatedOn": "2022-04-13T23:54:42.980Z"
            },
            "display_name": "git-VCN",
            "dns_label": "gitvcn",
            "freeform_tags": {},
            "id": "ocid1.vcn.oc1.phx.amaaaaaawe6j4fqamiauufyacmexmbh6tutk6l7nk46iog5xbhgwwcjns25q",
            "ipv6cidr_blocks": [],
            "is_ipv6enabled": false,
            "state": "AVAILABLE",
            "time_created": "2022-04-13 23:54:43.145 +0000 UTC",
            "timeouts": null,
            "vcn_domain_name": "gitvcn.oraclevcn.com"
          },
          "sensitive_attributes": [],
          "private": "eyJlMmJmYjczMC1lY2FhLTExZTYtOGY4OC0zNDM2M2JjN2M0YzAiOnsiY3JlYXRlIjoxMjAwMDAwMDAwMDAwLCJkZWxldGUiOjEyMDAwMDAwMDAwMDAsInVwZGF0ZSI6MTIwMDAwMDAwMDAwMH19"
        }
      ]
    }
  ]
}
